
Microsoft Visual Studio Solution File, Format Version 12.00
Project("{FAE04EC0-301F-11D3-BF4B-00C04F79EFBC}") = "SignE.Core", "SignE.Core\SignE.Core.csproj", "{F3CE483F-F668-4368-97AA-3E13BFE41E61}"
EndProject
Project("{FAE04EC0-301F-11D3-BF4B-00C04F79EFBC}") = "SignE.ExampleGame", "SignE.ExampleGame\SignE.ExampleGame.csproj", "{E0989342-BE8A-4190-8762-979B8C28AE66}"
EndProject
Project("{FAE04EC0-301F-11D3-BF4B-00C04F79EFBC}") = "SignE.Platforms.Raylib", "SignE.Platforms.Raylib\SignE.Platforms.Raylib.csproj", "{C55BEE6F-54FD-40EE-99CB-CEFEBF62FA38}"
EndProject
Project("{FAE04EC0-301F-11D3-BF4B-00C04F79EFBC}") = "SignE.Editor", "SignE.Editor\SignE.Editor.csproj", "{81D7A704-3EC8-4A9B-A5B8-433267F68D56}"
EndProject
Global
	GlobalSection(SolutionConfigurationPlatforms) = preSolution
		Debug|Any CPU = Debug|Any CPU
		Release|Any CPU = Release|Any CPU
	EndGlobalSection
	GlobalSection(ProjectConfigurationPlatforms) = postSolution
		{F3CE483F-F668-4368-97AA-3E13BFE41E61}.Debug|Any CPU.ActiveCfg = Debug|Any CPU
		{F3CE483F-F668-4368-97AA-3E13BFE41E61}.Debug|Any CPU.Build.0 = Debug|Any CPU
		{F3CE483F-F668-4368-97AA-3E13BFE41E61}.Release|Any CPU.ActiveCfg = Release|Any CPU
		{F3CE483F-F668-4368-97AA-3E13BFE41E61}.Release|Any CPU.Build.0 = Release|Any CPU
		{E0989342-BE8A-4190-8762-979B8C28AE66}.Debug|Any CPU.ActiveCfg = Debug|Any CPU
		{E0989342-BE8A-4190-8762-979B8C28AE66}.Debug|Any CPU.Build.0 = Debug|Any CPU
		{E0989342-BE8A-4190-8762-979B8C28AE66}.Release|Any CPU.ActiveCfg = Release|Any CPU
		{E0989342-BE8A-4190-8762-979B8C28AE66}.Release|Any CPU.Build.0 = Release|Any CPU
		{C55BEE6F-54FD-40EE-99CB-CEFEBF62FA38}.Debug|Any CPU.ActiveCfg = Debug|Any CPU
		{C55BEE6F-54FD-40EE-99CB-CEFEBF62FA38}.Debug|Any CPU.Build.0 = Debug|Any CPU
		{C55BEE6F-54FD-40EE-99CB-CEFEBF62FA38}.Release|Any CPU.ActiveCfg = Release|Any CPU
		{C55BEE6F-54FD-40EE-99CB-CEFEBF62FA38}.Release|Any CPU.Build.0 = Release|Any CPU
		{81D7A704-3EC8-4A9B-A5B8-433267F68D56}.Debug|Any CPU.ActiveCfg = Debug|Any CPU
		{81D7A704-3EC8-4A9B-A5B8-433267F68D56}.Debug|Any CPU.Build.0 = Debug|Any CPU
		{81D7A704-3EC8-4A9B-A5B8-433267F68D56}.Release|Any CPU.ActiveCfg = Release|Any CPU
		{81D7A704-3EC8-4A9B-A5B8-433267F68D56}.Release|Any CPU.Build.0 = Release|Any CPU
	EndGlobalSection
EndGlobal
